
Microsoft Visual Studio Solution File, Format Version 12.00
# Visual Studio Version 16
VisualStudioVersion = 16.0.30621.155
MinimumVisualStudioVersion = 10.0.40219.1
Project("{9A19103F-16F7-4668-BE54-9A1E7A4F7556}") = "WebApi", "WebApi.csproj", "{00CCFD7E-FFEE-463D-92C6-0E479F421F42}"
EndProject
Project("{FAE04EC0-301F-11D3-BF4B-00C04F79EFBC}") = "Core", "..\Core\Core.csproj", "{CAB70383-0811-4DD8-A96E-32A4BDCF8C8D}"
EndProject
Project("{FAE04EC0-301F-11D3-BF4B-00C04F79EFBC}") = "Infrastructure", "..\Infrastructure\Infrastructure.csproj", "{07DEF93B-1AFB-432F-8D57-B6172C5D4FEE}"
EndProject
Global
	GlobalSection(SolutionConfigurationPlatforms) = preSolution
		Debug|Any CPU = Debug|Any CPU
		Release|Any CPU = Release|Any CPU
	EndGlobalSection
	GlobalSection(ProjectConfigurationPlatforms) = postSolution
		{00CCFD7E-FFEE-463D-92C6-0E479F421F42}.Debug|Any CPU.ActiveCfg = Debug|Any CPU
		{00CCFD7E-FFEE-463D-92C6-0E479F421F42}.Debug|Any CPU.Build.0 = Debug|Any CPU
		{00CCFD7E-FFEE-463D-92C6-0E479F421F42}.Release|Any CPU.ActiveCfg = Release|Any CPU
		{00CCFD7E-FFEE-463D-92C6-0E479F421F42}.Release|Any CPU.Build.0 = Release|Any CPU
		{CAB70383-0811-4DD8-A96E-32A4BDCF8C8D}.Debug|Any CPU.ActiveCfg = Debug|Any CPU
		{CAB70383-0811-4DD8-A96E-32A4BDCF8C8D}.Debug|Any CPU.Build.0 = Debug|Any CPU
		{CAB70383-0811-4DD8-A96E-32A4BDCF8C8D}.Release|Any CPU.ActiveCfg = Release|Any CPU
		{CAB70383-0811-4DD8-A96E-32A4BDCF8C8D}.Release|Any CPU.Build.0 = Release|Any CPU
		{07DEF93B-1AFB-432F-8D57-B6172C5D4FEE}.Debug|Any CPU.ActiveCfg = Debug|Any CPU
		{07DEF93B-1AFB-432F-8D57-B6172C5D4FEE}.Debug|Any CPU.Build.0 = Debug|Any CPU
		{07DEF93B-1AFB-432F-8D57-B6172C5D4FEE}.Release|Any CPU.ActiveCfg = Release|Any CPU
		{07DEF93B-1AFB-432F-8D57-B6172C5D4FEE}.Release|Any CPU.Build.0 = Release|Any CPU
	EndGlobalSection
	GlobalSection(SolutionProperties) = preSolution
		HideSolutionNode = FALSE
	EndGlobalSection
	GlobalSection(ExtensibilityGlobals) = postSolution
		SolutionGuid = {2B7ECF1F-6E3F-4F83-A570-D55CA33BDB74}
	EndGlobalSection
EndGlobal
